
Microsoft Visual Studio Solution File, Format Version 12.00
# Visual Studio 14
VisualStudioVersion = 14.0.24720.0
MinimumVisualStudioVersion = 10.0.40219.1
Project("{FAE04EC0-301F-11D3-BF4B-00C04F79EFBC}") = "TelegraphProblem", "TelegraphProblem\TelegraphProblem.csproj", "{141B077C-6EE6-48EF-B459-1457D1A18478}"
EndProject
Global
	GlobalSection(SolutionConfigurationPlatforms) = preSolution
		Debug|Any CPU = Debug|Any CPU
		Release|Any CPU = Release|Any CPU
	EndGlobalSection
	GlobalSection(ProjectConfigurationPlatforms) = postSolution
		{141B077C-6EE6-48EF-B459-1457D1A18478}.Debug|Any CPU.ActiveCfg = Debug|Any CPU
		{141B077C-6EE6-48EF-B459-1457D1A18478}.Debug|Any CPU.Build.0 = Debug|Any CPU
		{141B077C-6EE6-48EF-B459-1457D1A18478}.Release|Any CPU.ActiveCfg = Release|Any CPU
		{141B077C-6EE6-48EF-B459-1457D1A18478}.Release|Any CPU.Build.0 = Release|Any CPU
	EndGlobalSection
	GlobalSection(SolutionProperties) = preSolution
		HideSolutionNode = FALSE
	EndGlobalSection
EndGlobal
