
Microsoft Visual Studio Solution File, Format Version 12.00
# Visual Studio 2013
VisualStudioVersion = 12.0.31101.0
MinimumVisualStudioVersion = 10.0.40219.1
Project("{FAE04EC0-301F-11D3-BF4B-00C04F79EFBC}") = "01.Shapes", "01.Shapes\01.Shapes.csproj", "{B2F32021-0B0A-4A5B-AF5E-56814AFCC3E1}"
EndProject
Project("{FAE04EC0-301F-11D3-BF4B-00C04F79EFBC}") = "02.BankAccounts", "02.BankAccounts\02.BankAccounts.csproj", "{216AC606-DDFF-4533-ADFC-7927EA8F07C6}"
EndProject
Project("{FAE04EC0-301F-11D3-BF4B-00C04F79EFBC}") = "03.RangeExceptions", "03.RangeExceptions\03.RangeExceptions.csproj", "{8E2230B1-EA3E-4A64-B7AF-E3C3F4A9233A}"
EndProject
Global
	GlobalSection(SolutionConfigurationPlatforms) = preSolution
		Debug|Any CPU = Debug|Any CPU
		Release|Any CPU = Release|Any CPU
	EndGlobalSection
	GlobalSection(ProjectConfigurationPlatforms) = postSolution
		{B2F32021-0B0A-4A5B-AF5E-56814AFCC3E1}.Debug|Any CPU.ActiveCfg = Debug|Any CPU
		{B2F32021-0B0A-4A5B-AF5E-56814AFCC3E1}.Debug|Any CPU.Build.0 = Debug|Any CPU
		{B2F32021-0B0A-4A5B-AF5E-56814AFCC3E1}.Release|Any CPU.ActiveCfg = Release|Any CPU
		{B2F32021-0B0A-4A5B-AF5E-56814AFCC3E1}.Release|Any CPU.Build.0 = Release|Any CPU
		{216AC606-DDFF-4533-ADFC-7927EA8F07C6}.Debug|Any CPU.ActiveCfg = Debug|Any CPU
		{216AC606-DDFF-4533-ADFC-7927EA8F07C6}.Debug|Any CPU.Build.0 = Debug|Any CPU
		{216AC606-DDFF-4533-ADFC-7927EA8F07C6}.Release|Any CPU.ActiveCfg = Release|Any CPU
		{216AC606-DDFF-4533-ADFC-7927EA8F07C6}.Release|Any CPU.Build.0 = Release|Any CPU
		{8E2230B1-EA3E-4A64-B7AF-E3C3F4A9233A}.Debug|Any CPU.ActiveCfg = Debug|Any CPU
		{8E2230B1-EA3E-4A64-B7AF-E3C3F4A9233A}.Debug|Any CPU.Build.0 = Debug|Any CPU
		{8E2230B1-EA3E-4A64-B7AF-E3C3F4A9233A}.Release|Any CPU.ActiveCfg = Release|Any CPU
		{8E2230B1-EA3E-4A64-B7AF-E3C3F4A9233A}.Release|Any CPU.Build.0 = Release|Any CPU
	EndGlobalSection
	GlobalSection(SolutionProperties) = preSolution
		HideSolutionNode = FALSE
	EndGlobalSection
EndGlobal
