
Microsoft Visual Studio Solution File, Format Version 12.00
# Visual Studio 2013
VisualStudioVersion = 12.0.31101.0
MinimumVisualStudioVersion = 10.0.40219.1
Project("{FAE04EC0-301F-11D3-BF4B-00C04F79EFBC}") = "01.Forum-Post", "01.Forum-Post\01.Forum-Post.csproj", "{0987345B-CEF7-46CD-8DD9-A3719FEF6C94}"
EndProject
Project("{FAE04EC0-301F-11D3-BF4B-00C04F79EFBC}") = "02.Web-Gallery", "02.Web-Gallery\02.Web-Gallery.csproj", "{95D871E1-FC8F-417B-B5C9-14107A17D18A}"
EndProject
Global
	GlobalSection(SolutionConfigurationPlatforms) = preSolution
		Debug|Any CPU = Debug|Any CPU
		Release|Any CPU = Release|Any CPU
	EndGlobalSection
	GlobalSection(ProjectConfigurationPlatforms) = postSolution
		{0987345B-CEF7-46CD-8DD9-A3719FEF6C94}.Debug|Any CPU.ActiveCfg = Debug|Any CPU
		{0987345B-CEF7-46CD-8DD9-A3719FEF6C94}.Debug|Any CPU.Build.0 = Debug|Any CPU
		{0987345B-CEF7-46CD-8DD9-A3719FEF6C94}.Release|Any CPU.ActiveCfg = Release|Any CPU
		{0987345B-CEF7-46CD-8DD9-A3719FEF6C94}.Release|Any CPU.Build.0 = Release|Any CPU
		{95D871E1-FC8F-417B-B5C9-14107A17D18A}.Debug|Any CPU.ActiveCfg = Debug|Any CPU
		{95D871E1-FC8F-417B-B5C9-14107A17D18A}.Debug|Any CPU.Build.0 = Debug|Any CPU
		{95D871E1-FC8F-417B-B5C9-14107A17D18A}.Release|Any CPU.ActiveCfg = Release|Any CPU
		{95D871E1-FC8F-417B-B5C9-14107A17D18A}.Release|Any CPU.Build.0 = Release|Any CPU
	EndGlobalSection
	GlobalSection(SolutionProperties) = preSolution
		HideSolutionNode = FALSE
	EndGlobalSection
EndGlobal
