
Microsoft Visual Studio Solution File, Format Version 12.00
# Visual Studio 2013
VisualStudioVersion = 12.0.31101.0
MinimumVisualStudioVersion = 10.0.40219.1
Project("{FAE04EC0-301F-11D3-BF4B-00C04F79EFBC}") = "01", "01\01.csproj", "{9213E729-31F7-4C4A-AB04-01E9EF18F35A}"
EndProject
Project("{FAE04EC0-301F-11D3-BF4B-00C04F79EFBC}") = "02", "02\02.csproj", "{7A9102D3-A6E9-4C28-84C4-DA7A749BC6E8}"
EndProject
Project("{FAE04EC0-301F-11D3-BF4B-00C04F79EFBC}") = "03", "03\03.csproj", "{CB297ABA-9EA3-49E7-9CE8-632D30CADAF6}"
EndProject
Project("{FAE04EC0-301F-11D3-BF4B-00C04F79EFBC}") = "04", "04\04.csproj", "{09EDB4CE-5B6E-48EF-B6F8-8E6898AD5BC2}"
EndProject
Project("{FAE04EC0-301F-11D3-BF4B-00C04F79EFBC}") = "05", "05\05.csproj", "{41697D91-C525-4C54-A191-C058193E1462}"
EndProject
Global
	GlobalSection(SolutionConfigurationPlatforms) = preSolution
		Debug|Any CPU = Debug|Any CPU
		Release|Any CPU = Release|Any CPU
	EndGlobalSection
	GlobalSection(ProjectConfigurationPlatforms) = postSolution
		{9213E729-31F7-4C4A-AB04-01E9EF18F35A}.Debug|Any CPU.ActiveCfg = Debug|Any CPU
		{9213E729-31F7-4C4A-AB04-01E9EF18F35A}.Debug|Any CPU.Build.0 = Debug|Any CPU
		{9213E729-31F7-4C4A-AB04-01E9EF18F35A}.Release|Any CPU.ActiveCfg = Release|Any CPU
		{9213E729-31F7-4C4A-AB04-01E9EF18F35A}.Release|Any CPU.Build.0 = Release|Any CPU
		{7A9102D3-A6E9-4C28-84C4-DA7A749BC6E8}.Debug|Any CPU.ActiveCfg = Debug|Any CPU
		{7A9102D3-A6E9-4C28-84C4-DA7A749BC6E8}.Debug|Any CPU.Build.0 = Debug|Any CPU
		{7A9102D3-A6E9-4C28-84C4-DA7A749BC6E8}.Release|Any CPU.ActiveCfg = Release|Any CPU
		{7A9102D3-A6E9-4C28-84C4-DA7A749BC6E8}.Release|Any CPU.Build.0 = Release|Any CPU
		{CB297ABA-9EA3-49E7-9CE8-632D30CADAF6}.Debug|Any CPU.ActiveCfg = Debug|Any CPU
		{CB297ABA-9EA3-49E7-9CE8-632D30CADAF6}.Debug|Any CPU.Build.0 = Debug|Any CPU
		{CB297ABA-9EA3-49E7-9CE8-632D30CADAF6}.Release|Any CPU.ActiveCfg = Release|Any CPU
		{CB297ABA-9EA3-49E7-9CE8-632D30CADAF6}.Release|Any CPU.Build.0 = Release|Any CPU
		{09EDB4CE-5B6E-48EF-B6F8-8E6898AD5BC2}.Debug|Any CPU.ActiveCfg = Debug|Any CPU
		{09EDB4CE-5B6E-48EF-B6F8-8E6898AD5BC2}.Debug|Any CPU.Build.0 = Debug|Any CPU
		{09EDB4CE-5B6E-48EF-B6F8-8E6898AD5BC2}.Release|Any CPU.ActiveCfg = Release|Any CPU
		{09EDB4CE-5B6E-48EF-B6F8-8E6898AD5BC2}.Release|Any CPU.Build.0 = Release|Any CPU
		{41697D91-C525-4C54-A191-C058193E1462}.Debug|Any CPU.ActiveCfg = Debug|Any CPU
		{41697D91-C525-4C54-A191-C058193E1462}.Debug|Any CPU.Build.0 = Debug|Any CPU
		{41697D91-C525-4C54-A191-C058193E1462}.Release|Any CPU.ActiveCfg = Release|Any CPU
		{41697D91-C525-4C54-A191-C058193E1462}.Release|Any CPU.Build.0 = Release|Any CPU
	EndGlobalSection
	GlobalSection(SolutionProperties) = preSolution
		HideSolutionNode = FALSE
	EndGlobalSection
EndGlobal
