
Microsoft Visual Studio Solution File, Format Version 12.00
# Visual Studio 14
VisualStudioVersion = 14.0.24720.0
MinimumVisualStudioVersion = 10.0.40219.1
Project("{FAE04EC0-301F-11D3-BF4B-00C04F79EFBC}") = "01.HelloMyMan", "01.HelloMyMan\01.HelloMyMan.csproj", "{53EF79A6-891E-4BBD-8864-A095B46D51A3}"
EndProject
Project("{FAE04EC0-301F-11D3-BF4B-00C04F79EFBC}") = "02.WebFormsSampleApp", "02.WebFormsSampleApp\02.WebFormsSampleApp.csproj", "{AFA469EC-5D09-43D7-AF7A-AF1F949C78A0}"
EndProject
Project("{FAE04EC0-301F-11D3-BF4B-00C04F79EFBC}") = "03.LifeCycleEvents", "03.LifeCycleEvents\03.LifeCycleEvents.csproj", "{5AA9D4BE-0C85-4C92-BA27-FC9441448A0E}"
EndProject
Global
	GlobalSection(SolutionConfigurationPlatforms) = preSolution
		Debug|Any CPU = Debug|Any CPU
		Release|Any CPU = Release|Any CPU
	EndGlobalSection
	GlobalSection(ProjectConfigurationPlatforms) = postSolution
		{53EF79A6-891E-4BBD-8864-A095B46D51A3}.Debug|Any CPU.ActiveCfg = Debug|Any CPU
		{53EF79A6-891E-4BBD-8864-A095B46D51A3}.Debug|Any CPU.Build.0 = Debug|Any CPU
		{53EF79A6-891E-4BBD-8864-A095B46D51A3}.Release|Any CPU.ActiveCfg = Release|Any CPU
		{53EF79A6-891E-4BBD-8864-A095B46D51A3}.Release|Any CPU.Build.0 = Release|Any CPU
		{AFA469EC-5D09-43D7-AF7A-AF1F949C78A0}.Debug|Any CPU.ActiveCfg = Debug|Any CPU
		{AFA469EC-5D09-43D7-AF7A-AF1F949C78A0}.Debug|Any CPU.Build.0 = Debug|Any CPU
		{AFA469EC-5D09-43D7-AF7A-AF1F949C78A0}.Release|Any CPU.ActiveCfg = Release|Any CPU
		{AFA469EC-5D09-43D7-AF7A-AF1F949C78A0}.Release|Any CPU.Build.0 = Release|Any CPU
		{5AA9D4BE-0C85-4C92-BA27-FC9441448A0E}.Debug|Any CPU.ActiveCfg = Debug|Any CPU
		{5AA9D4BE-0C85-4C92-BA27-FC9441448A0E}.Debug|Any CPU.Build.0 = Debug|Any CPU
		{5AA9D4BE-0C85-4C92-BA27-FC9441448A0E}.Release|Any CPU.ActiveCfg = Release|Any CPU
		{5AA9D4BE-0C85-4C92-BA27-FC9441448A0E}.Release|Any CPU.Build.0 = Release|Any CPU
	EndGlobalSection
	GlobalSection(SolutionProperties) = preSolution
		HideSolutionNode = FALSE
	EndGlobalSection
EndGlobal
