
Microsoft Visual Studio Solution File, Format Version 12.00
# Visual Studio 14
VisualStudioVersion = 14.0.24720.0
MinimumVisualStudioVersion = 10.0.40219.1
Project("{FAE04EC0-301F-11D3-BF4B-00C04F79EFBC}") = "01.CarSearch", "01.CarSearch\01.CarSearch.csproj", "{DD04118A-E3D0-4867-80D2-125EDE03A1B4}"
EndProject
Project("{FAE04EC0-301F-11D3-BF4B-00C04F79EFBC}") = "02.NorthwindEmployees", "02.NorthwindEmployees\02.NorthwindEmployees.csproj", "{DCB1B40B-FDA4-420E-ACEA-AFE453410E99}"
EndProject
Project("{FAE04EC0-301F-11D3-BF4B-00C04F79EFBC}") = "03.TreeView", "03.TreeView\03.TreeView.csproj", "{39121907-1142-4D5C-974D-1C8E1EF9785F}"
EndProject
Project("{FAE04EC0-301F-11D3-BF4B-00C04F79EFBC}") = "04.NorthwindEmployeesPaging", "04.NorthwindEmployeesPaging\04.NorthwindEmployeesPaging.csproj", "{6238E4D3-2B1B-4B81-BA67-DB5E2E098122}"
EndProject
Global
	GlobalSection(SolutionConfigurationPlatforms) = preSolution
		Debug|Any CPU = Debug|Any CPU
		Release|Any CPU = Release|Any CPU
	EndGlobalSection
	GlobalSection(ProjectConfigurationPlatforms) = postSolution
		{DD04118A-E3D0-4867-80D2-125EDE03A1B4}.Debug|Any CPU.ActiveCfg = Debug|Any CPU
		{DD04118A-E3D0-4867-80D2-125EDE03A1B4}.Debug|Any CPU.Build.0 = Debug|Any CPU
		{DD04118A-E3D0-4867-80D2-125EDE03A1B4}.Release|Any CPU.ActiveCfg = Release|Any CPU
		{DD04118A-E3D0-4867-80D2-125EDE03A1B4}.Release|Any CPU.Build.0 = Release|Any CPU
		{DCB1B40B-FDA4-420E-ACEA-AFE453410E99}.Debug|Any CPU.ActiveCfg = Debug|Any CPU
		{DCB1B40B-FDA4-420E-ACEA-AFE453410E99}.Debug|Any CPU.Build.0 = Debug|Any CPU
		{DCB1B40B-FDA4-420E-ACEA-AFE453410E99}.Release|Any CPU.ActiveCfg = Release|Any CPU
		{DCB1B40B-FDA4-420E-ACEA-AFE453410E99}.Release|Any CPU.Build.0 = Release|Any CPU
		{39121907-1142-4D5C-974D-1C8E1EF9785F}.Debug|Any CPU.ActiveCfg = Debug|Any CPU
		{39121907-1142-4D5C-974D-1C8E1EF9785F}.Debug|Any CPU.Build.0 = Debug|Any CPU
		{39121907-1142-4D5C-974D-1C8E1EF9785F}.Release|Any CPU.ActiveCfg = Release|Any CPU
		{39121907-1142-4D5C-974D-1C8E1EF9785F}.Release|Any CPU.Build.0 = Release|Any CPU
		{6238E4D3-2B1B-4B81-BA67-DB5E2E098122}.Debug|Any CPU.ActiveCfg = Debug|Any CPU
		{6238E4D3-2B1B-4B81-BA67-DB5E2E098122}.Debug|Any CPU.Build.0 = Debug|Any CPU
		{6238E4D3-2B1B-4B81-BA67-DB5E2E098122}.Release|Any CPU.ActiveCfg = Release|Any CPU
		{6238E4D3-2B1B-4B81-BA67-DB5E2E098122}.Release|Any CPU.Build.0 = Release|Any CPU
	EndGlobalSection
	GlobalSection(SolutionProperties) = preSolution
		HideSolutionNode = FALSE
	EndGlobalSection
EndGlobal
