
Microsoft Visual Studio Solution File, Format Version 12.00
# Visual Studio 2013
VisualStudioVersion = 12.0.31101.0
MinimumVisualStudioVersion = 10.0.40219.1
Project("{FAE04EC0-301F-11D3-BF4B-00C04F79EFBC}") = "01.Refactoring", "01.Refactoring\01.Refactoring.csproj", "{E697F955-9DAE-4639-8BEC-19D2FBF5A194}"
EndProject
Project("{FAE04EC0-301F-11D3-BF4B-00C04F79EFBC}") = "02.Student-System", "02.Student-System\02.Student-System.csproj", "{18E56E4B-FF5F-4210-A25F-D6B640B9EC3E}"
EndProject
Project("{FAE04EC0-301F-11D3-BF4B-00C04F79EFBC}") = "03.LinkedIn", "03.LinkedIn\03.LinkedIn.csproj", "{5E2742A6-8F16-410C-8552-34F58AA8A2DF}"
EndProject
Global
	GlobalSection(SolutionConfigurationPlatforms) = preSolution
		Debug|Any CPU = Debug|Any CPU
		Release|Any CPU = Release|Any CPU
	EndGlobalSection
	GlobalSection(ProjectConfigurationPlatforms) = postSolution
		{E697F955-9DAE-4639-8BEC-19D2FBF5A194}.Debug|Any CPU.ActiveCfg = Debug|Any CPU
		{E697F955-9DAE-4639-8BEC-19D2FBF5A194}.Debug|Any CPU.Build.0 = Debug|Any CPU
		{E697F955-9DAE-4639-8BEC-19D2FBF5A194}.Release|Any CPU.ActiveCfg = Release|Any CPU
		{E697F955-9DAE-4639-8BEC-19D2FBF5A194}.Release|Any CPU.Build.0 = Release|Any CPU
		{18E56E4B-FF5F-4210-A25F-D6B640B9EC3E}.Debug|Any CPU.ActiveCfg = Debug|Any CPU
		{18E56E4B-FF5F-4210-A25F-D6B640B9EC3E}.Debug|Any CPU.Build.0 = Debug|Any CPU
		{18E56E4B-FF5F-4210-A25F-D6B640B9EC3E}.Release|Any CPU.ActiveCfg = Release|Any CPU
		{18E56E4B-FF5F-4210-A25F-D6B640B9EC3E}.Release|Any CPU.Build.0 = Release|Any CPU
		{5E2742A6-8F16-410C-8552-34F58AA8A2DF}.Debug|Any CPU.ActiveCfg = Debug|Any CPU
		{5E2742A6-8F16-410C-8552-34F58AA8A2DF}.Debug|Any CPU.Build.0 = Debug|Any CPU
		{5E2742A6-8F16-410C-8552-34F58AA8A2DF}.Release|Any CPU.ActiveCfg = Release|Any CPU
		{5E2742A6-8F16-410C-8552-34F58AA8A2DF}.Release|Any CPU.Build.0 = Release|Any CPU
	EndGlobalSection
	GlobalSection(SolutionProperties) = preSolution
		HideSolutionNode = FALSE
	EndGlobalSection
EndGlobal
