
Microsoft Visual Studio Solution File, Format Version 12.00
# Visual Studio 14
VisualStudioVersion = 14.0.23107.0
MinimumVisualStudioVersion = 10.0.40219.1
Project("{FAE04EC0-301F-11D3-BF4B-00C04F79EFBC}") = "01.BinaryPasswords", "01.BinaryPasswords\01.BinaryPasswords.csproj", "{18890C11-2117-44BF-9E48-BFC061CBD68C}"
EndProject
Project("{FAE04EC0-301F-11D3-BF4B-00C04F79EFBC}") = "02.RabitColors", "02.RabitColors\02.RabitColors.csproj", "{25248C17-7F67-40F1-BD3A-15AB4F66C35E}"
EndProject
Project("{FAE04EC0-301F-11D3-BF4B-00C04F79EFBC}") = "03.Dividors", "03.Dividors\03.Dividors.csproj", "{8979A562-3D2D-45B8-88E7-043DFEC477FF}"
EndProject
Global
	GlobalSection(SolutionConfigurationPlatforms) = preSolution
		Debug|Any CPU = Debug|Any CPU
		Release|Any CPU = Release|Any CPU
	EndGlobalSection
	GlobalSection(ProjectConfigurationPlatforms) = postSolution
		{18890C11-2117-44BF-9E48-BFC061CBD68C}.Debug|Any CPU.ActiveCfg = Debug|Any CPU
		{18890C11-2117-44BF-9E48-BFC061CBD68C}.Debug|Any CPU.Build.0 = Debug|Any CPU
		{18890C11-2117-44BF-9E48-BFC061CBD68C}.Release|Any CPU.ActiveCfg = Release|Any CPU
		{18890C11-2117-44BF-9E48-BFC061CBD68C}.Release|Any CPU.Build.0 = Release|Any CPU
		{25248C17-7F67-40F1-BD3A-15AB4F66C35E}.Debug|Any CPU.ActiveCfg = Debug|Any CPU
		{25248C17-7F67-40F1-BD3A-15AB4F66C35E}.Debug|Any CPU.Build.0 = Debug|Any CPU
		{25248C17-7F67-40F1-BD3A-15AB4F66C35E}.Release|Any CPU.ActiveCfg = Release|Any CPU
		{25248C17-7F67-40F1-BD3A-15AB4F66C35E}.Release|Any CPU.Build.0 = Release|Any CPU
		{8979A562-3D2D-45B8-88E7-043DFEC477FF}.Debug|Any CPU.ActiveCfg = Debug|Any CPU
		{8979A562-3D2D-45B8-88E7-043DFEC477FF}.Debug|Any CPU.Build.0 = Debug|Any CPU
		{8979A562-3D2D-45B8-88E7-043DFEC477FF}.Release|Any CPU.ActiveCfg = Release|Any CPU
		{8979A562-3D2D-45B8-88E7-043DFEC477FF}.Release|Any CPU.Build.0 = Release|Any CPU
	EndGlobalSection
	GlobalSection(SolutionProperties) = preSolution
		HideSolutionNode = FALSE
	EndGlobalSection
EndGlobal
